
Microsoft Visual Studio Solution File, Format Version 12.00
# Visual Studio Version 17
VisualStudioVersion = 17.4.33103.184
MinimumVisualStudioVersion = 10.0.40219.1
Project("{9A19103F-16F7-4668-BE54-9A1E7A4F7556}") = "Skeleton", "Skeleton\Skeleton.csproj", "{C717D140-486E-47A6-86BA-8C4993687E38}"
EndProject
Project("{9A19103F-16F7-4668-BE54-9A1E7A4F7556}") = "Skeleton.Tests", "Skeleton.Tests\Skeleton.Tests.csproj", "{F99786DE-AE20-4F13-9F2F-D5F0F81AA642}"
EndProject
Global
	GlobalSection(SolutionConfigurationPlatforms) = preSolution
		Debug|Any CPU = Debug|Any CPU
		Release|Any CPU = Release|Any CPU
	EndGlobalSection
	GlobalSection(ProjectConfigurationPlatforms) = postSolution
		{C717D140-486E-47A6-86BA-8C4993687E38}.Debug|Any CPU.ActiveCfg = Debug|Any CPU
		{C717D140-486E-47A6-86BA-8C4993687E38}.Debug|Any CPU.Build.0 = Debug|Any CPU
		{C717D140-486E-47A6-86BA-8C4993687E38}.Release|Any CPU.ActiveCfg = Release|Any CPU
		{C717D140-486E-47A6-86BA-8C4993687E38}.Release|Any CPU.Build.0 = Release|Any CPU
		{F99786DE-AE20-4F13-9F2F-D5F0F81AA642}.Debug|Any CPU.ActiveCfg = Debug|Any CPU
		{F99786DE-AE20-4F13-9F2F-D5F0F81AA642}.Debug|Any CPU.Build.0 = Debug|Any CPU
		{F99786DE-AE20-4F13-9F2F-D5F0F81AA642}.Release|Any CPU.ActiveCfg = Release|Any CPU
		{F99786DE-AE20-4F13-9F2F-D5F0F81AA642}.Release|Any CPU.Build.0 = Release|Any CPU
	EndGlobalSection
	GlobalSection(SolutionProperties) = preSolution
		HideSolutionNode = FALSE
	EndGlobalSection
	GlobalSection(ExtensibilityGlobals) = postSolution
		SolutionGuid = {E7DAD0FD-8AED-4C97-BB1E-9B4A498DF733}
	EndGlobalSection
EndGlobal
