
Microsoft Visual Studio Solution File, Format Version 12.00
# Visual Studio Version 17
VisualStudioVersion = 17.4.33110.190
MinimumVisualStudioVersion = 10.0.40219.1
Project("{2150E333-8FDC-42A3-9474-1A3956D46DE8}") = "Preparation 01", "Preparation 01", "{C54974E1-7C1F-4974-A656-E2E2007A4A79}"
EndProject
Project("{9A19103F-16F7-4668-BE54-9A1E7A4F7556}") = "Formula1", "Exap Preparation\Formula1\Formula1.csproj", "{08B97545-30DC-4EF4-AB54-A71A1E6F96DE}"
EndProject
Project("{9A19103F-16F7-4668-BE54-9A1E7A4F7556}") = "SmartphoneShop", "Exap Preparation\SmartphoneShop\SmartphoneShop.csproj", "{63841DB1-60DE-4328-93D5-1146F70ABE11}"
EndProject
Project("{9A19103F-16F7-4668-BE54-9A1E7A4F7556}") = "SmartphoneShop.Tests", "Exap Preparation\SmartphoneShop.Tests\SmartphoneShop.Tests.csproj", "{425C1886-15B7-43BD-B824-1544202E59A1}"
EndProject
Project("{2150E333-8FDC-42A3-9474-1A3956D46DE8}") = "Preparation 02", "Preparation 02", "{012D88CB-25DA-4B9F-9853-6BEB4E383E65}"
EndProject
Project("{9A19103F-16F7-4668-BE54-9A1E7A4F7556}") = "NavalVessels", "Exap Preparation\NavalVessels\NavalVessels.csproj", "{B02A2682-1ED3-406C-8310-1ACA5FDE47FA}"
EndProject
Project("{9A19103F-16F7-4668-BE54-9A1E7A4F7556}") = "Book", "Exap Preparation\Book\Book.csproj", "{D481FB5B-4BB5-4F05-82B2-CFC0001C0DB5}"
EndProject
Project("{9A19103F-16F7-4668-BE54-9A1E7A4F7556}") = "Book.Tests", "Exap Preparation\Book.Tests\Book.Tests.csproj", "{4013C931-BDB8-4F82-AE12-633A509AE118}"
EndProject
Project("{2150E333-8FDC-42A3-9474-1A3956D46DE8}") = "Preparation 03", "Preparation 03", "{E366F24B-FE13-4177-8E46-19ADDB75961F}"
EndProject
Project("{9A19103F-16F7-4668-BE54-9A1E7A4F7556}") = "OnlineShop", "Exap Preparation\OnlineShop\OnlineShop.csproj", "{79855EA5-1800-4CFA-A162-19C0ABEEEC7A}"
EndProject
Project("{9A19103F-16F7-4668-BE54-9A1E7A4F7556}") = "Computers", "Exap Preparation\Computers\Computers.csproj", "{E4961389-358E-488D-A420-9511D4AB1ACE}"
EndProject
Project("{9A19103F-16F7-4668-BE54-9A1E7A4F7556}") = "Computers.Tests", "Exap Preparation\Computers.Tests\Computers.Tests.csproj", "{69AF010C-D18A-41FF-8C71-103177002C1F}"
EndProject
Project("{2150E333-8FDC-42A3-9474-1A3956D46DE8}") = "Preparation 04", "Preparation 04", "{6C45CC33-A655-4055-BAA5-E6AC9AF2E8F1}"
EndProject
Project("{9A19103F-16F7-4668-BE54-9A1E7A4F7556}") = "EasterRaces", "Exap Preparation\EasterRaces\EasterRaces.csproj", "{963EC73B-72B7-49B9-8DA3-2CF0D8F48D52}"
EndProject
Project("{9A19103F-16F7-4668-BE54-9A1E7A4F7556}") = "TheRace", "Exap Preparation\TheRace\TheRace.csproj", "{7C3DD203-B345-4057-B4B0-2C32FD241BE2}"
EndProject
Project("{9A19103F-16F7-4668-BE54-9A1E7A4F7556}") = "TheRace.Tests", "Exap Preparation\TheRace.Tests\TheRace.Tests.csproj", "{C6FBE151-117F-430C-A091-354A260F82C7}"
EndProject
Project("{2150E333-8FDC-42A3-9474-1A3956D46DE8}") = "Preparation 05", "Preparation 05", "{C0ACD67B-0FD0-492C-AF67-C814945CF7BD}"
EndProject
Project("{9A19103F-16F7-4668-BE54-9A1E7A4F7556}") = "Bakery", "Exap Preparation\Bakery\Bakery.csproj", "{0C465A07-5175-412F-ABB4-DA49D549FE07}"
EndProject
Project("{9A19103F-16F7-4668-BE54-9A1E7A4F7556}") = "BankSafe.Tests", "Exap Preparation\BankSafe.Tests\BankSafe.Tests.csproj", "{CFD107CA-E2B4-45F6-B1DF-74BB039141C1}"
EndProject
Project("{9A19103F-16F7-4668-BE54-9A1E7A4F7556}") = "BankSafe", "Exap Preparation\BankSafe\BankSafe.csproj", "{CBDE3379-D860-436F-8A44-C11F92B39C71}"
EndProject
Project("{2150E333-8FDC-42A3-9474-1A3956D46DE8}") = "Preparation 06", "Preparation 06", "{1AA92CD6-B275-452D-A604-EE57F395CDCC}"
EndProject
Project("{9A19103F-16F7-4668-BE54-9A1E7A4F7556}") = "WarCroft", "Exap Preparation\DungeonsAndCodeWizards\WarCroft.csproj", "{A163153D-6604-495C-9050-583F05BE0447}"
EndProject
Project("{9A19103F-16F7-4668-BE54-9A1E7A4F7556}") = "FestivalManager", "Exap Preparation\FestivalManager\FestivalManager.csproj", "{8EA8121B-2EAD-4FEF-8BE8-8CDFD688CC07}"
EndProject
Project("{9A19103F-16F7-4668-BE54-9A1E7A4F7556}") = "FestivalManager.Tests", "Exap Preparation\FestivalManager.Tests\FestivalManager.Tests.csproj", "{464E570E-AB31-4121-B56C-42CD5BA3CC42}"
EndProject
Project("{2150E333-8FDC-42A3-9474-1A3956D46DE8}") = "Preparation 07", "Preparation 07", "{B1DB9CDE-7C52-47EA-A805-CEC2E7E5BB33}"
EndProject
Project("{9A19103F-16F7-4668-BE54-9A1E7A4F7556}") = "AquaShop", "Exap Preparation\AquaShop\AquaShop.csproj", "{AD968CA7-0CF7-49B1-BD5E-C83E4CA89392}"
EndProject
Project("{9A19103F-16F7-4668-BE54-9A1E7A4F7556}") = "Aquariums", "Exap Preparation\Aquariums\Aquariums.csproj", "{799CFC87-E7F5-48D3-A9B3-C65F05EC7E0B}"
EndProject
Project("{9A19103F-16F7-4668-BE54-9A1E7A4F7556}") = "Aquariums.Tests", "Exap Preparation\Aquariums.Tests\Aquariums.Tests.csproj", "{811BD886-5265-4AA4-BD3B-07144A72C706}"
EndProject
Project("{2150E333-8FDC-42A3-9474-1A3956D46DE8}") = "Preparation 08", "Preparation 08", "{A6F11DB3-3B0B-46F9-8B8D-D5BDA8F9CF0D}"
EndProject
Project("{9A19103F-16F7-4668-BE54-9A1E7A4F7556}") = "Easter", "Exap Preparation\Easter\Easter.csproj", "{29AB31AB-6098-4503-AB24-AC1A485B5EA6}"
EndProject
Project("{9A19103F-16F7-4668-BE54-9A1E7A4F7556}") = "Presents", "Exap Preparation\Presents\Presents.csproj", "{BADC1655-2E9E-424B-90C7-F5351E80A67B}"
EndProject
Project("{9A19103F-16F7-4668-BE54-9A1E7A4F7556}") = "Presents.Tests", "Exap Preparation\Presents.Tests\Presents.Tests.csproj", "{D195976B-08C1-4D10-A969-ACE45409146B}"
EndProject
Project("{2150E333-8FDC-42A3-9474-1A3956D46DE8}") = "Preparation 09", "Preparation 09", "{98D81DCD-96C4-4996-9C27-F79820CD082F}"
EndProject
Project("{9A19103F-16F7-4668-BE54-9A1E7A4F7556}") = "CarRacing", "Exap Preparation\CarRacing\CarRacing.csproj", "{FF4374D1-D794-4151-88F3-65F4B84F0F85}"
EndProject
Project("{9A19103F-16F7-4668-BE54-9A1E7A4F7556}") = "Robots", "Exap Preparation\Robots\Robots.csproj", "{B928F838-C811-4004-82D9-0C9FAF814F05}"
EndProject
Project("{9A19103F-16F7-4668-BE54-9A1E7A4F7556}") = "Robots.Tests", "Exap Preparation\Robots.Tests\Robots.Tests.csproj", "{08D7B6BC-6698-4EF8-86C9-082C3B2BDEC3}"
EndProject
Project("{2150E333-8FDC-42A3-9474-1A3956D46DE8}") = "Preparation 10", "Preparation 10", "{C882432A-3B40-41B0-852A-2C21D2C5E877}"
EndProject
Project("{9A19103F-16F7-4668-BE54-9A1E7A4F7556}") = "SpaceStation", "Exap Preparation\SpaceStation\SpaceStation.csproj", "{871A61E6-6EE0-4E09-8B23-D43E29A52369}"
EndProject
Project("{9A19103F-16F7-4668-BE54-9A1E7A4F7556}") = "HeroRepository", "Exap Preparation\HeroRepository\HeroRepository.csproj", "{6346812A-2864-417A-B5F4-A6206E504338}"
EndProject
Project("{9A19103F-16F7-4668-BE54-9A1E7A4F7556}") = "HeroRepository.Tests", "Exap Preparation\HeroRepository.Tests\HeroRepository.Tests.csproj", "{F035C9E5-FBCA-4E95-B39A-6B20EB8B0F5B}"
EndProject
Project("{2150E333-8FDC-42A3-9474-1A3956D46DE8}") = "Preparation 11", "Preparation 11", "{6DEB1300-A330-4368-80F1-37A0D849380A}"
EndProject
Project("{9A19103F-16F7-4668-BE54-9A1E7A4F7556}") = "Gym", "Exap Preparation\Gym\Gym.csproj", "{5FD43FA7-B94A-4065-88EC-87CEAB8D0819}"
EndProject
Project("{9A19103F-16F7-4668-BE54-9A1E7A4F7556}") = "Gyms", "Exap Preparation\Gyms\Gyms.csproj", "{92227C4B-07B0-4BF3-84D4-52023A548CB2}"
EndProject
Project("{9A19103F-16F7-4668-BE54-9A1E7A4F7556}") = "Gyms.Tests", "Exap Preparation\Gyms.Tests\Gyms.Tests.csproj", "{75D9E8F9-C0A3-4EB9-816B-F4E53FC411FD}"
EndProject
Project("{2150E333-8FDC-42A3-9474-1A3956D46DE8}") = "Preparation 12", "Preparation 12", "{85AAAF38-2B68-49A0-B30B-5F07C0435573}"
EndProject
Project("{9A19103F-16F7-4668-BE54-9A1E7A4F7556}") = "Heroes", "Exap Preparation\Heroes\Heroes.csproj", "{FD57B713-59E0-4220-8B19-8B4FABF04540}"
EndProject
Project("{9A19103F-16F7-4668-BE54-9A1E7A4F7556}") = "RepairShop", "Exap Preparation\RepairShop\RepairShop.csproj", "{6BE4214D-BBD8-4F86-A12C-952A4118173E}"
EndProject
Project("{9A19103F-16F7-4668-BE54-9A1E7A4F7556}") = "RepairShop.Tests", "Exap Preparation\RepairShop.Tests\RepairShop.Tests.csproj", "{83364E74-F19A-4D21-BCCA-D429FAC6DF92}"
EndProject
Project("{2150E333-8FDC-42A3-9474-1A3956D46DE8}") = "Preparation 13", "Preparation 13", "{F21D1552-F52F-4D29-B862-64E1C0094245}"
EndProject
Project("{9A19103F-16F7-4668-BE54-9A1E7A4F7556}") = "PlanetWarss", "Exap Preparation\PlanetWars\PlanetWarss.csproj", "{C72D5B08-8F2C-4251-8242-28FBFE31FF9C}"
EndProject
Project("{2150E333-8FDC-42A3-9474-1A3956D46DE8}") = "Preparation 14", "Preparation 14", "{481460FB-2E28-43F4-818A-D34179E6EAE0}"
EndProject
Project("{9A19103F-16F7-4668-BE54-9A1E7A4F7556}") = "BookingApp", "Exap Preparation\BookingApp\BookingApp.csproj", "{DB1C1205-12F3-463F-B449-27A54C152C29}"
EndProject
Project("{9A19103F-16F7-4668-BE54-9A1E7A4F7556}") = "BookigApp.Tests", "Exap Preparation\BookigApp.Tests\BookigApp.Tests.csproj", "{EE74A4E5-EE59-4FDF-BC81-E3827D6177E5}"
EndProject
Project("{9A19103F-16F7-4668-BE54-9A1E7A4F7556}") = "FrontDeskApp", "Exap Preparation\FrontDeskApp\FrontDeskApp.csproj", "{8578A68D-5875-49BC-90C8-B2ABE16A162A}"
EndProject
Global
	GlobalSection(SolutionConfigurationPlatforms) = preSolution
		Debug|Any CPU = Debug|Any CPU
		Release|Any CPU = Release|Any CPU
		Test|Any CPU = Test|Any CPU
	EndGlobalSection
	GlobalSection(ProjectConfigurationPlatforms) = postSolution
		{08B97545-30DC-4EF4-AB54-A71A1E6F96DE}.Debug|Any CPU.ActiveCfg = Debug|Any CPU
		{08B97545-30DC-4EF4-AB54-A71A1E6F96DE}.Debug|Any CPU.Build.0 = Debug|Any CPU
		{08B97545-30DC-4EF4-AB54-A71A1E6F96DE}.Release|Any CPU.ActiveCfg = Release|Any CPU
		{08B97545-30DC-4EF4-AB54-A71A1E6F96DE}.Release|Any CPU.Build.0 = Release|Any CPU
		{08B97545-30DC-4EF4-AB54-A71A1E6F96DE}.Test|Any CPU.ActiveCfg = Release|Any CPU
		{08B97545-30DC-4EF4-AB54-A71A1E6F96DE}.Test|Any CPU.Build.0 = Release|Any CPU
		{63841DB1-60DE-4328-93D5-1146F70ABE11}.Debug|Any CPU.ActiveCfg = Debug|Any CPU
		{63841DB1-60DE-4328-93D5-1146F70ABE11}.Debug|Any CPU.Build.0 = Debug|Any CPU
		{63841DB1-60DE-4328-93D5-1146F70ABE11}.Release|Any CPU.ActiveCfg = Release|Any CPU
		{63841DB1-60DE-4328-93D5-1146F70ABE11}.Release|Any CPU.Build.0 = Release|Any CPU
		{63841DB1-60DE-4328-93D5-1146F70ABE11}.Test|Any CPU.ActiveCfg = Release|Any CPU
		{63841DB1-60DE-4328-93D5-1146F70ABE11}.Test|Any CPU.Build.0 = Release|Any CPU
		{425C1886-15B7-43BD-B824-1544202E59A1}.Debug|Any CPU.ActiveCfg = Debug|Any CPU
		{425C1886-15B7-43BD-B824-1544202E59A1}.Debug|Any CPU.Build.0 = Debug|Any CPU
		{425C1886-15B7-43BD-B824-1544202E59A1}.Release|Any CPU.ActiveCfg = Release|Any CPU
		{425C1886-15B7-43BD-B824-1544202E59A1}.Release|Any CPU.Build.0 = Release|Any CPU
		{425C1886-15B7-43BD-B824-1544202E59A1}.Test|Any CPU.ActiveCfg = Release|Any CPU
		{B02A2682-1ED3-406C-8310-1ACA5FDE47FA}.Debug|Any CPU.ActiveCfg = Debug|Any CPU
		{B02A2682-1ED3-406C-8310-1ACA5FDE47FA}.Debug|Any CPU.Build.0 = Debug|Any CPU
		{B02A2682-1ED3-406C-8310-1ACA5FDE47FA}.Release|Any CPU.ActiveCfg = Release|Any CPU
		{B02A2682-1ED3-406C-8310-1ACA5FDE47FA}.Release|Any CPU.Build.0 = Release|Any CPU
		{B02A2682-1ED3-406C-8310-1ACA5FDE47FA}.Test|Any CPU.ActiveCfg = Release|Any CPU
		{B02A2682-1ED3-406C-8310-1ACA5FDE47FA}.Test|Any CPU.Build.0 = Release|Any CPU
		{D481FB5B-4BB5-4F05-82B2-CFC0001C0DB5}.Debug|Any CPU.ActiveCfg = Debug|Any CPU
		{D481FB5B-4BB5-4F05-82B2-CFC0001C0DB5}.Debug|Any CPU.Build.0 = Debug|Any CPU
		{D481FB5B-4BB5-4F05-82B2-CFC0001C0DB5}.Release|Any CPU.ActiveCfg = Release|Any CPU
		{D481FB5B-4BB5-4F05-82B2-CFC0001C0DB5}.Release|Any CPU.Build.0 = Release|Any CPU
		{D481FB5B-4BB5-4F05-82B2-CFC0001C0DB5}.Test|Any CPU.ActiveCfg = Release|Any CPU
		{D481FB5B-4BB5-4F05-82B2-CFC0001C0DB5}.Test|Any CPU.Build.0 = Release|Any CPU
		{4013C931-BDB8-4F82-AE12-633A509AE118}.Debug|Any CPU.ActiveCfg = Debug|Any CPU
		{4013C931-BDB8-4F82-AE12-633A509AE118}.Debug|Any CPU.Build.0 = Debug|Any CPU
		{4013C931-BDB8-4F82-AE12-633A509AE118}.Release|Any CPU.ActiveCfg = Release|Any CPU
		{4013C931-BDB8-4F82-AE12-633A509AE118}.Release|Any CPU.Build.0 = Release|Any CPU
		{4013C931-BDB8-4F82-AE12-633A509AE118}.Test|Any CPU.ActiveCfg = Release|Any CPU
		{79855EA5-1800-4CFA-A162-19C0ABEEEC7A}.Debug|Any CPU.ActiveCfg = Debug|Any CPU
		{79855EA5-1800-4CFA-A162-19C0ABEEEC7A}.Debug|Any CPU.Build.0 = Debug|Any CPU
		{79855EA5-1800-4CFA-A162-19C0ABEEEC7A}.Release|Any CPU.ActiveCfg = Release|Any CPU
		{79855EA5-1800-4CFA-A162-19C0ABEEEC7A}.Release|Any CPU.Build.0 = Release|Any CPU
		{79855EA5-1800-4CFA-A162-19C0ABEEEC7A}.Test|Any CPU.ActiveCfg = Release|Any CPU
		{79855EA5-1800-4CFA-A162-19C0ABEEEC7A}.Test|Any CPU.Build.0 = Release|Any CPU
		{E4961389-358E-488D-A420-9511D4AB1ACE}.Debug|Any CPU.ActiveCfg = Debug|Any CPU
		{E4961389-358E-488D-A420-9511D4AB1ACE}.Debug|Any CPU.Build.0 = Debug|Any CPU
		{E4961389-358E-488D-A420-9511D4AB1ACE}.Release|Any CPU.ActiveCfg = Release|Any CPU
		{E4961389-358E-488D-A420-9511D4AB1ACE}.Release|Any CPU.Build.0 = Release|Any CPU
		{E4961389-358E-488D-A420-9511D4AB1ACE}.Test|Any CPU.ActiveCfg = Release|Any CPU
		{E4961389-358E-488D-A420-9511D4AB1ACE}.Test|Any CPU.Build.0 = Release|Any CPU
		{69AF010C-D18A-41FF-8C71-103177002C1F}.Debug|Any CPU.ActiveCfg = Debug|Any CPU
		{69AF010C-D18A-41FF-8C71-103177002C1F}.Debug|Any CPU.Build.0 = Debug|Any CPU
		{69AF010C-D18A-41FF-8C71-103177002C1F}.Release|Any CPU.ActiveCfg = Release|Any CPU
		{69AF010C-D18A-41FF-8C71-103177002C1F}.Release|Any CPU.Build.0 = Release|Any CPU
		{69AF010C-D18A-41FF-8C71-103177002C1F}.Test|Any CPU.ActiveCfg = Release|Any CPU
		{963EC73B-72B7-49B9-8DA3-2CF0D8F48D52}.Debug|Any CPU.ActiveCfg = Debug|Any CPU
		{963EC73B-72B7-49B9-8DA3-2CF0D8F48D52}.Debug|Any CPU.Build.0 = Debug|Any CPU
		{963EC73B-72B7-49B9-8DA3-2CF0D8F48D52}.Release|Any CPU.ActiveCfg = Release|Any CPU
		{963EC73B-72B7-49B9-8DA3-2CF0D8F48D52}.Release|Any CPU.Build.0 = Release|Any CPU
		{963EC73B-72B7-49B9-8DA3-2CF0D8F48D52}.Test|Any CPU.ActiveCfg = Release|Any CPU
		{963EC73B-72B7-49B9-8DA3-2CF0D8F48D52}.Test|Any CPU.Build.0 = Release|Any CPU
		{7C3DD203-B345-4057-B4B0-2C32FD241BE2}.Debug|Any CPU.ActiveCfg = Debug|Any CPU
		{7C3DD203-B345-4057-B4B0-2C32FD241BE2}.Debug|Any CPU.Build.0 = Debug|Any CPU
		{7C3DD203-B345-4057-B4B0-2C32FD241BE2}.Release|Any CPU.ActiveCfg = Release|Any CPU
		{7C3DD203-B345-4057-B4B0-2C32FD241BE2}.Release|Any CPU.Build.0 = Release|Any CPU
		{7C3DD203-B345-4057-B4B0-2C32FD241BE2}.Test|Any CPU.ActiveCfg = Release|Any CPU
		{7C3DD203-B345-4057-B4B0-2C32FD241BE2}.Test|Any CPU.Build.0 = Release|Any CPU
		{C6FBE151-117F-430C-A091-354A260F82C7}.Debug|Any CPU.ActiveCfg = Debug|Any CPU
		{C6FBE151-117F-430C-A091-354A260F82C7}.Debug|Any CPU.Build.0 = Debug|Any CPU
		{C6FBE151-117F-430C-A091-354A260F82C7}.Release|Any CPU.ActiveCfg = Release|Any CPU
		{C6FBE151-117F-430C-A091-354A260F82C7}.Release|Any CPU.Build.0 = Release|Any CPU
		{C6FBE151-117F-430C-A091-354A260F82C7}.Test|Any CPU.ActiveCfg = Release|Any CPU
		{0C465A07-5175-412F-ABB4-DA49D549FE07}.Debug|Any CPU.ActiveCfg = Debug|Any CPU
		{0C465A07-5175-412F-ABB4-DA49D549FE07}.Debug|Any CPU.Build.0 = Debug|Any CPU
		{0C465A07-5175-412F-ABB4-DA49D549FE07}.Release|Any CPU.ActiveCfg = Release|Any CPU
		{0C465A07-5175-412F-ABB4-DA49D549FE07}.Release|Any CPU.Build.0 = Release|Any CPU
		{0C465A07-5175-412F-ABB4-DA49D549FE07}.Test|Any CPU.ActiveCfg = Release|Any CPU
		{0C465A07-5175-412F-ABB4-DA49D549FE07}.Test|Any CPU.Build.0 = Release|Any CPU
		{CFD107CA-E2B4-45F6-B1DF-74BB039141C1}.Debug|Any CPU.ActiveCfg = Debug|Any CPU
		{CFD107CA-E2B4-45F6-B1DF-74BB039141C1}.Debug|Any CPU.Build.0 = Debug|Any CPU
		{CFD107CA-E2B4-45F6-B1DF-74BB039141C1}.Release|Any CPU.ActiveCfg = Release|Any CPU
		{CFD107CA-E2B4-45F6-B1DF-74BB039141C1}.Release|Any CPU.Build.0 = Release|Any CPU
		{CFD107CA-E2B4-45F6-B1DF-74BB039141C1}.Test|Any CPU.ActiveCfg = Release|Any CPU
		{CBDE3379-D860-436F-8A44-C11F92B39C71}.Debug|Any CPU.ActiveCfg = Debug|Any CPU
		{CBDE3379-D860-436F-8A44-C11F92B39C71}.Debug|Any CPU.Build.0 = Debug|Any CPU
		{CBDE3379-D860-436F-8A44-C11F92B39C71}.Release|Any CPU.ActiveCfg = Release|Any CPU
		{CBDE3379-D860-436F-8A44-C11F92B39C71}.Release|Any CPU.Build.0 = Release|Any CPU
		{CBDE3379-D860-436F-8A44-C11F92B39C71}.Test|Any CPU.ActiveCfg = Release|Any CPU
		{CBDE3379-D860-436F-8A44-C11F92B39C71}.Test|Any CPU.Build.0 = Release|Any CPU
		{A163153D-6604-495C-9050-583F05BE0447}.Debug|Any CPU.ActiveCfg = Debug|Any CPU
		{A163153D-6604-495C-9050-583F05BE0447}.Debug|Any CPU.Build.0 = Debug|Any CPU
		{A163153D-6604-495C-9050-583F05BE0447}.Release|Any CPU.ActiveCfg = Release|Any CPU
		{A163153D-6604-495C-9050-583F05BE0447}.Release|Any CPU.Build.0 = Release|Any CPU
		{A163153D-6604-495C-9050-583F05BE0447}.Test|Any CPU.ActiveCfg = Release|Any CPU
		{A163153D-6604-495C-9050-583F05BE0447}.Test|Any CPU.Build.0 = Release|Any CPU
		{8EA8121B-2EAD-4FEF-8BE8-8CDFD688CC07}.Debug|Any CPU.ActiveCfg = Debug|Any CPU
		{8EA8121B-2EAD-4FEF-8BE8-8CDFD688CC07}.Debug|Any CPU.Build.0 = Debug|Any CPU
		{8EA8121B-2EAD-4FEF-8BE8-8CDFD688CC07}.Release|Any CPU.ActiveCfg = Release|Any CPU
		{8EA8121B-2EAD-4FEF-8BE8-8CDFD688CC07}.Release|Any CPU.Build.0 = Release|Any CPU
		{8EA8121B-2EAD-4FEF-8BE8-8CDFD688CC07}.Test|Any CPU.ActiveCfg = Test|Any CPU
		{8EA8121B-2EAD-4FEF-8BE8-8CDFD688CC07}.Test|Any CPU.Build.0 = Test|Any CPU
		{464E570E-AB31-4121-B56C-42CD5BA3CC42}.Debug|Any CPU.ActiveCfg = Debug|Any CPU
		{464E570E-AB31-4121-B56C-42CD5BA3CC42}.Debug|Any CPU.Build.0 = Debug|Any CPU
		{464E570E-AB31-4121-B56C-42CD5BA3CC42}.Release|Any CPU.ActiveCfg = Release|Any CPU
		{464E570E-AB31-4121-B56C-42CD5BA3CC42}.Release|Any CPU.Build.0 = Release|Any CPU
		{464E570E-AB31-4121-B56C-42CD5BA3CC42}.Test|Any CPU.ActiveCfg = Debug|Any CPU
		{464E570E-AB31-4121-B56C-42CD5BA3CC42}.Test|Any CPU.Build.0 = Debug|Any CPU
		{AD968CA7-0CF7-49B1-BD5E-C83E4CA89392}.Debug|Any CPU.ActiveCfg = Debug|Any CPU
		{AD968CA7-0CF7-49B1-BD5E-C83E4CA89392}.Debug|Any CPU.Build.0 = Debug|Any CPU
		{AD968CA7-0CF7-49B1-BD5E-C83E4CA89392}.Release|Any CPU.ActiveCfg = Release|Any CPU
		{AD968CA7-0CF7-49B1-BD5E-C83E4CA89392}.Release|Any CPU.Build.0 = Release|Any CPU
		{AD968CA7-0CF7-49B1-BD5E-C83E4CA89392}.Test|Any CPU.ActiveCfg = Debug|Any CPU
		{AD968CA7-0CF7-49B1-BD5E-C83E4CA89392}.Test|Any CPU.Build.0 = Debug|Any CPU
		{799CFC87-E7F5-48D3-A9B3-C65F05EC7E0B}.Debug|Any CPU.ActiveCfg = Debug|Any CPU
		{799CFC87-E7F5-48D3-A9B3-C65F05EC7E0B}.Debug|Any CPU.Build.0 = Debug|Any CPU
		{799CFC87-E7F5-48D3-A9B3-C65F05EC7E0B}.Release|Any CPU.ActiveCfg = Release|Any CPU
		{799CFC87-E7F5-48D3-A9B3-C65F05EC7E0B}.Release|Any CPU.Build.0 = Release|Any CPU
		{799CFC87-E7F5-48D3-A9B3-C65F05EC7E0B}.Test|Any CPU.ActiveCfg = Debug|Any CPU
		{799CFC87-E7F5-48D3-A9B3-C65F05EC7E0B}.Test|Any CPU.Build.0 = Debug|Any CPU
		{811BD886-5265-4AA4-BD3B-07144A72C706}.Debug|Any CPU.ActiveCfg = Debug|Any CPU
		{811BD886-5265-4AA4-BD3B-07144A72C706}.Debug|Any CPU.Build.0 = Debug|Any CPU
		{811BD886-5265-4AA4-BD3B-07144A72C706}.Release|Any CPU.ActiveCfg = Release|Any CPU
		{811BD886-5265-4AA4-BD3B-07144A72C706}.Release|Any CPU.Build.0 = Release|Any CPU
		{811BD886-5265-4AA4-BD3B-07144A72C706}.Test|Any CPU.ActiveCfg = Debug|Any CPU
		{811BD886-5265-4AA4-BD3B-07144A72C706}.Test|Any CPU.Build.0 = Debug|Any CPU
		{29AB31AB-6098-4503-AB24-AC1A485B5EA6}.Debug|Any CPU.ActiveCfg = Debug|Any CPU
		{29AB31AB-6098-4503-AB24-AC1A485B5EA6}.Debug|Any CPU.Build.0 = Debug|Any CPU
		{29AB31AB-6098-4503-AB24-AC1A485B5EA6}.Release|Any CPU.ActiveCfg = Release|Any CPU
		{29AB31AB-6098-4503-AB24-AC1A485B5EA6}.Release|Any CPU.Build.0 = Release|Any CPU
		{29AB31AB-6098-4503-AB24-AC1A485B5EA6}.Test|Any CPU.ActiveCfg = Debug|Any CPU
		{29AB31AB-6098-4503-AB24-AC1A485B5EA6}.Test|Any CPU.Build.0 = Debug|Any CPU
		{BADC1655-2E9E-424B-90C7-F5351E80A67B}.Debug|Any CPU.ActiveCfg = Debug|Any CPU
		{BADC1655-2E9E-424B-90C7-F5351E80A67B}.Debug|Any CPU.Build.0 = Debug|Any CPU
		{BADC1655-2E9E-424B-90C7-F5351E80A67B}.Release|Any CPU.ActiveCfg = Release|Any CPU
		{BADC1655-2E9E-424B-90C7-F5351E80A67B}.Release|Any CPU.Build.0 = Release|Any CPU
		{BADC1655-2E9E-424B-90C7-F5351E80A67B}.Test|Any CPU.ActiveCfg = Debug|Any CPU
		{BADC1655-2E9E-424B-90C7-F5351E80A67B}.Test|Any CPU.Build.0 = Debug|Any CPU
		{D195976B-08C1-4D10-A969-ACE45409146B}.Debug|Any CPU.ActiveCfg = Debug|Any CPU
		{D195976B-08C1-4D10-A969-ACE45409146B}.Debug|Any CPU.Build.0 = Debug|Any CPU
		{D195976B-08C1-4D10-A969-ACE45409146B}.Release|Any CPU.ActiveCfg = Release|Any CPU
		{D195976B-08C1-4D10-A969-ACE45409146B}.Release|Any CPU.Build.0 = Release|Any CPU
		{D195976B-08C1-4D10-A969-ACE45409146B}.Test|Any CPU.ActiveCfg = Debug|Any CPU
		{D195976B-08C1-4D10-A969-ACE45409146B}.Test|Any CPU.Build.0 = Debug|Any CPU
		{FF4374D1-D794-4151-88F3-65F4B84F0F85}.Debug|Any CPU.ActiveCfg = Debug|Any CPU
		{FF4374D1-D794-4151-88F3-65F4B84F0F85}.Debug|Any CPU.Build.0 = Debug|Any CPU
		{FF4374D1-D794-4151-88F3-65F4B84F0F85}.Release|Any CPU.ActiveCfg = Release|Any CPU
		{FF4374D1-D794-4151-88F3-65F4B84F0F85}.Release|Any CPU.Build.0 = Release|Any CPU
		{FF4374D1-D794-4151-88F3-65F4B84F0F85}.Test|Any CPU.ActiveCfg = Debug|Any CPU
		{FF4374D1-D794-4151-88F3-65F4B84F0F85}.Test|Any CPU.Build.0 = Debug|Any CPU
		{B928F838-C811-4004-82D9-0C9FAF814F05}.Debug|Any CPU.ActiveCfg = Debug|Any CPU
		{B928F838-C811-4004-82D9-0C9FAF814F05}.Debug|Any CPU.Build.0 = Debug|Any CPU
		{B928F838-C811-4004-82D9-0C9FAF814F05}.Release|Any CPU.ActiveCfg = Release|Any CPU
		{B928F838-C811-4004-82D9-0C9FAF814F05}.Release|Any CPU.Build.0 = Release|Any CPU
		{B928F838-C811-4004-82D9-0C9FAF814F05}.Test|Any CPU.ActiveCfg = Debug|Any CPU
		{B928F838-C811-4004-82D9-0C9FAF814F05}.Test|Any CPU.Build.0 = Debug|Any CPU
		{08D7B6BC-6698-4EF8-86C9-082C3B2BDEC3}.Debug|Any CPU.ActiveCfg = Debug|Any CPU
		{08D7B6BC-6698-4EF8-86C9-082C3B2BDEC3}.Debug|Any CPU.Build.0 = Debug|Any CPU
		{08D7B6BC-6698-4EF8-86C9-082C3B2BDEC3}.Release|Any CPU.ActiveCfg = Release|Any CPU
		{08D7B6BC-6698-4EF8-86C9-082C3B2BDEC3}.Release|Any CPU.Build.0 = Release|Any CPU
		{08D7B6BC-6698-4EF8-86C9-082C3B2BDEC3}.Test|Any CPU.ActiveCfg = Debug|Any CPU
		{08D7B6BC-6698-4EF8-86C9-082C3B2BDEC3}.Test|Any CPU.Build.0 = Debug|Any CPU
		{871A61E6-6EE0-4E09-8B23-D43E29A52369}.Debug|Any CPU.ActiveCfg = Debug|Any CPU
		{871A61E6-6EE0-4E09-8B23-D43E29A52369}.Debug|Any CPU.Build.0 = Debug|Any CPU
		{871A61E6-6EE0-4E09-8B23-D43E29A52369}.Release|Any CPU.ActiveCfg = Release|Any CPU
		{871A61E6-6EE0-4E09-8B23-D43E29A52369}.Release|Any CPU.Build.0 = Release|Any CPU
		{871A61E6-6EE0-4E09-8B23-D43E29A52369}.Test|Any CPU.ActiveCfg = Debug|Any CPU
		{871A61E6-6EE0-4E09-8B23-D43E29A52369}.Test|Any CPU.Build.0 = Debug|Any CPU
		{6346812A-2864-417A-B5F4-A6206E504338}.Debug|Any CPU.ActiveCfg = Debug|Any CPU
		{6346812A-2864-417A-B5F4-A6206E504338}.Debug|Any CPU.Build.0 = Debug|Any CPU
		{6346812A-2864-417A-B5F4-A6206E504338}.Release|Any CPU.ActiveCfg = Release|Any CPU
		{6346812A-2864-417A-B5F4-A6206E504338}.Release|Any CPU.Build.0 = Release|Any CPU
		{6346812A-2864-417A-B5F4-A6206E504338}.Test|Any CPU.ActiveCfg = Debug|Any CPU
		{6346812A-2864-417A-B5F4-A6206E504338}.Test|Any CPU.Build.0 = Debug|Any CPU
		{F035C9E5-FBCA-4E95-B39A-6B20EB8B0F5B}.Debug|Any CPU.ActiveCfg = Debug|Any CPU
		{F035C9E5-FBCA-4E95-B39A-6B20EB8B0F5B}.Debug|Any CPU.Build.0 = Debug|Any CPU
		{F035C9E5-FBCA-4E95-B39A-6B20EB8B0F5B}.Release|Any CPU.ActiveCfg = Release|Any CPU
		{F035C9E5-FBCA-4E95-B39A-6B20EB8B0F5B}.Release|Any CPU.Build.0 = Release|Any CPU
		{F035C9E5-FBCA-4E95-B39A-6B20EB8B0F5B}.Test|Any CPU.ActiveCfg = Debug|Any CPU
		{F035C9E5-FBCA-4E95-B39A-6B20EB8B0F5B}.Test|Any CPU.Build.0 = Debug|Any CPU
		{5FD43FA7-B94A-4065-88EC-87CEAB8D0819}.Debug|Any CPU.ActiveCfg = Debug|Any CPU
		{5FD43FA7-B94A-4065-88EC-87CEAB8D0819}.Debug|Any CPU.Build.0 = Debug|Any CPU
		{5FD43FA7-B94A-4065-88EC-87CEAB8D0819}.Release|Any CPU.ActiveCfg = Release|Any CPU
		{5FD43FA7-B94A-4065-88EC-87CEAB8D0819}.Release|Any CPU.Build.0 = Release|Any CPU
		{5FD43FA7-B94A-4065-88EC-87CEAB8D0819}.Test|Any CPU.ActiveCfg = Debug|Any CPU
		{5FD43FA7-B94A-4065-88EC-87CEAB8D0819}.Test|Any CPU.Build.0 = Debug|Any CPU
		{92227C4B-07B0-4BF3-84D4-52023A548CB2}.Debug|Any CPU.ActiveCfg = Debug|Any CPU
		{92227C4B-07B0-4BF3-84D4-52023A548CB2}.Debug|Any CPU.Build.0 = Debug|Any CPU
		{92227C4B-07B0-4BF3-84D4-52023A548CB2}.Release|Any CPU.ActiveCfg = Release|Any CPU
		{92227C4B-07B0-4BF3-84D4-52023A548CB2}.Release|Any CPU.Build.0 = Release|Any CPU
		{92227C4B-07B0-4BF3-84D4-52023A548CB2}.Test|Any CPU.ActiveCfg = Debug|Any CPU
		{92227C4B-07B0-4BF3-84D4-52023A548CB2}.Test|Any CPU.Build.0 = Debug|Any CPU
		{75D9E8F9-C0A3-4EB9-816B-F4E53FC411FD}.Debug|Any CPU.ActiveCfg = Debug|Any CPU
		{75D9E8F9-C0A3-4EB9-816B-F4E53FC411FD}.Debug|Any CPU.Build.0 = Debug|Any CPU
		{75D9E8F9-C0A3-4EB9-816B-F4E53FC411FD}.Release|Any CPU.ActiveCfg = Release|Any CPU
		{75D9E8F9-C0A3-4EB9-816B-F4E53FC411FD}.Release|Any CPU.Build.0 = Release|Any CPU
		{75D9E8F9-C0A3-4EB9-816B-F4E53FC411FD}.Test|Any CPU.ActiveCfg = Debug|Any CPU
		{75D9E8F9-C0A3-4EB9-816B-F4E53FC411FD}.Test|Any CPU.Build.0 = Debug|Any CPU
		{FD57B713-59E0-4220-8B19-8B4FABF04540}.Debug|Any CPU.ActiveCfg = Debug|Any CPU
		{FD57B713-59E0-4220-8B19-8B4FABF04540}.Debug|Any CPU.Build.0 = Debug|Any CPU
		{FD57B713-59E0-4220-8B19-8B4FABF04540}.Release|Any CPU.ActiveCfg = Release|Any CPU
		{FD57B713-59E0-4220-8B19-8B4FABF04540}.Release|Any CPU.Build.0 = Release|Any CPU
		{FD57B713-59E0-4220-8B19-8B4FABF04540}.Test|Any CPU.ActiveCfg = Debug|Any CPU
		{FD57B713-59E0-4220-8B19-8B4FABF04540}.Test|Any CPU.Build.0 = Debug|Any CPU
		{6BE4214D-BBD8-4F86-A12C-952A4118173E}.Debug|Any CPU.ActiveCfg = Debug|Any CPU
		{6BE4214D-BBD8-4F86-A12C-952A4118173E}.Debug|Any CPU.Build.0 = Debug|Any CPU
		{6BE4214D-BBD8-4F86-A12C-952A4118173E}.Release|Any CPU.ActiveCfg = Release|Any CPU
		{6BE4214D-BBD8-4F86-A12C-952A4118173E}.Release|Any CPU.Build.0 = Release|Any CPU
		{6BE4214D-BBD8-4F86-A12C-952A4118173E}.Test|Any CPU.ActiveCfg = Debug|Any CPU
		{6BE4214D-BBD8-4F86-A12C-952A4118173E}.Test|Any CPU.Build.0 = Debug|Any CPU
		{83364E74-F19A-4D21-BCCA-D429FAC6DF92}.Debug|Any CPU.ActiveCfg = Debug|Any CPU
		{83364E74-F19A-4D21-BCCA-D429FAC6DF92}.Debug|Any CPU.Build.0 = Debug|Any CPU
		{83364E74-F19A-4D21-BCCA-D429FAC6DF92}.Release|Any CPU.ActiveCfg = Release|Any CPU
		{83364E74-F19A-4D21-BCCA-D429FAC6DF92}.Release|Any CPU.Build.0 = Release|Any CPU
		{83364E74-F19A-4D21-BCCA-D429FAC6DF92}.Test|Any CPU.ActiveCfg = Debug|Any CPU
		{83364E74-F19A-4D21-BCCA-D429FAC6DF92}.Test|Any CPU.Build.0 = Debug|Any CPU
		{C72D5B08-8F2C-4251-8242-28FBFE31FF9C}.Debug|Any CPU.ActiveCfg = Debug|Any CPU
		{C72D5B08-8F2C-4251-8242-28FBFE31FF9C}.Debug|Any CPU.Build.0 = Debug|Any CPU
		{C72D5B08-8F2C-4251-8242-28FBFE31FF9C}.Release|Any CPU.ActiveCfg = Release|Any CPU
		{C72D5B08-8F2C-4251-8242-28FBFE31FF9C}.Release|Any CPU.Build.0 = Release|Any CPU
		{C72D5B08-8F2C-4251-8242-28FBFE31FF9C}.Test|Any CPU.ActiveCfg = Debug|Any CPU
		{C72D5B08-8F2C-4251-8242-28FBFE31FF9C}.Test|Any CPU.Build.0 = Debug|Any CPU
		{DB1C1205-12F3-463F-B449-27A54C152C29}.Debug|Any CPU.ActiveCfg = Debug|Any CPU
		{DB1C1205-12F3-463F-B449-27A54C152C29}.Debug|Any CPU.Build.0 = Debug|Any CPU
		{DB1C1205-12F3-463F-B449-27A54C152C29}.Release|Any CPU.ActiveCfg = Release|Any CPU
		{DB1C1205-12F3-463F-B449-27A54C152C29}.Release|Any CPU.Build.0 = Release|Any CPU
		{DB1C1205-12F3-463F-B449-27A54C152C29}.Test|Any CPU.ActiveCfg = Debug|Any CPU
		{DB1C1205-12F3-463F-B449-27A54C152C29}.Test|Any CPU.Build.0 = Debug|Any CPU
		{EE74A4E5-EE59-4FDF-BC81-E3827D6177E5}.Debug|Any CPU.ActiveCfg = Debug|Any CPU
		{EE74A4E5-EE59-4FDF-BC81-E3827D6177E5}.Debug|Any CPU.Build.0 = Debug|Any CPU
		{EE74A4E5-EE59-4FDF-BC81-E3827D6177E5}.Release|Any CPU.ActiveCfg = Release|Any CPU
		{EE74A4E5-EE59-4FDF-BC81-E3827D6177E5}.Release|Any CPU.Build.0 = Release|Any CPU
		{EE74A4E5-EE59-4FDF-BC81-E3827D6177E5}.Test|Any CPU.ActiveCfg = Debug|Any CPU
		{EE74A4E5-EE59-4FDF-BC81-E3827D6177E5}.Test|Any CPU.Build.0 = Debug|Any CPU
		{8578A68D-5875-49BC-90C8-B2ABE16A162A}.Debug|Any CPU.ActiveCfg = Debug|Any CPU
		{8578A68D-5875-49BC-90C8-B2ABE16A162A}.Debug|Any CPU.Build.0 = Debug|Any CPU
		{8578A68D-5875-49BC-90C8-B2ABE16A162A}.Release|Any CPU.ActiveCfg = Release|Any CPU
		{8578A68D-5875-49BC-90C8-B2ABE16A162A}.Release|Any CPU.Build.0 = Release|Any CPU
		{8578A68D-5875-49BC-90C8-B2ABE16A162A}.Test|Any CPU.ActiveCfg = Debug|Any CPU
		{8578A68D-5875-49BC-90C8-B2ABE16A162A}.Test|Any CPU.Build.0 = Debug|Any CPU
	EndGlobalSection
	GlobalSection(SolutionProperties) = preSolution
		HideSolutionNode = FALSE
	EndGlobalSection
	GlobalSection(NestedProjects) = preSolution
		{08B97545-30DC-4EF4-AB54-A71A1E6F96DE} = {C54974E1-7C1F-4974-A656-E2E2007A4A79}
		{63841DB1-60DE-4328-93D5-1146F70ABE11} = {C54974E1-7C1F-4974-A656-E2E2007A4A79}
		{425C1886-15B7-43BD-B824-1544202E59A1} = {C54974E1-7C1F-4974-A656-E2E2007A4A79}
		{B02A2682-1ED3-406C-8310-1ACA5FDE47FA} = {012D88CB-25DA-4B9F-9853-6BEB4E383E65}
		{D481FB5B-4BB5-4F05-82B2-CFC0001C0DB5} = {012D88CB-25DA-4B9F-9853-6BEB4E383E65}
		{4013C931-BDB8-4F82-AE12-633A509AE118} = {012D88CB-25DA-4B9F-9853-6BEB4E383E65}
		{79855EA5-1800-4CFA-A162-19C0ABEEEC7A} = {E366F24B-FE13-4177-8E46-19ADDB75961F}
		{E4961389-358E-488D-A420-9511D4AB1ACE} = {E366F24B-FE13-4177-8E46-19ADDB75961F}
		{69AF010C-D18A-41FF-8C71-103177002C1F} = {E366F24B-FE13-4177-8E46-19ADDB75961F}
		{963EC73B-72B7-49B9-8DA3-2CF0D8F48D52} = {6C45CC33-A655-4055-BAA5-E6AC9AF2E8F1}
		{7C3DD203-B345-4057-B4B0-2C32FD241BE2} = {6C45CC33-A655-4055-BAA5-E6AC9AF2E8F1}
		{C6FBE151-117F-430C-A091-354A260F82C7} = {6C45CC33-A655-4055-BAA5-E6AC9AF2E8F1}
		{0C465A07-5175-412F-ABB4-DA49D549FE07} = {C0ACD67B-0FD0-492C-AF67-C814945CF7BD}
		{CFD107CA-E2B4-45F6-B1DF-74BB039141C1} = {C0ACD67B-0FD0-492C-AF67-C814945CF7BD}
		{CBDE3379-D860-436F-8A44-C11F92B39C71} = {C0ACD67B-0FD0-492C-AF67-C814945CF7BD}
		{A163153D-6604-495C-9050-583F05BE0447} = {1AA92CD6-B275-452D-A604-EE57F395CDCC}
		{8EA8121B-2EAD-4FEF-8BE8-8CDFD688CC07} = {1AA92CD6-B275-452D-A604-EE57F395CDCC}
		{464E570E-AB31-4121-B56C-42CD5BA3CC42} = {1AA92CD6-B275-452D-A604-EE57F395CDCC}
		{AD968CA7-0CF7-49B1-BD5E-C83E4CA89392} = {B1DB9CDE-7C52-47EA-A805-CEC2E7E5BB33}
		{799CFC87-E7F5-48D3-A9B3-C65F05EC7E0B} = {B1DB9CDE-7C52-47EA-A805-CEC2E7E5BB33}
		{811BD886-5265-4AA4-BD3B-07144A72C706} = {B1DB9CDE-7C52-47EA-A805-CEC2E7E5BB33}
		{29AB31AB-6098-4503-AB24-AC1A485B5EA6} = {A6F11DB3-3B0B-46F9-8B8D-D5BDA8F9CF0D}
		{BADC1655-2E9E-424B-90C7-F5351E80A67B} = {A6F11DB3-3B0B-46F9-8B8D-D5BDA8F9CF0D}
		{D195976B-08C1-4D10-A969-ACE45409146B} = {A6F11DB3-3B0B-46F9-8B8D-D5BDA8F9CF0D}
		{FF4374D1-D794-4151-88F3-65F4B84F0F85} = {98D81DCD-96C4-4996-9C27-F79820CD082F}
		{B928F838-C811-4004-82D9-0C9FAF814F05} = {98D81DCD-96C4-4996-9C27-F79820CD082F}
		{08D7B6BC-6698-4EF8-86C9-082C3B2BDEC3} = {98D81DCD-96C4-4996-9C27-F79820CD082F}
		{871A61E6-6EE0-4E09-8B23-D43E29A52369} = {C882432A-3B40-41B0-852A-2C21D2C5E877}
		{6346812A-2864-417A-B5F4-A6206E504338} = {C882432A-3B40-41B0-852A-2C21D2C5E877}
		{F035C9E5-FBCA-4E95-B39A-6B20EB8B0F5B} = {C882432A-3B40-41B0-852A-2C21D2C5E877}
		{5FD43FA7-B94A-4065-88EC-87CEAB8D0819} = {6DEB1300-A330-4368-80F1-37A0D849380A}
		{92227C4B-07B0-4BF3-84D4-52023A548CB2} = {6DEB1300-A330-4368-80F1-37A0D849380A}
		{75D9E8F9-C0A3-4EB9-816B-F4E53FC411FD} = {6DEB1300-A330-4368-80F1-37A0D849380A}
		{FD57B713-59E0-4220-8B19-8B4FABF04540} = {85AAAF38-2B68-49A0-B30B-5F07C0435573}
		{6BE4214D-BBD8-4F86-A12C-952A4118173E} = {85AAAF38-2B68-49A0-B30B-5F07C0435573}
		{83364E74-F19A-4D21-BCCA-D429FAC6DF92} = {85AAAF38-2B68-49A0-B30B-5F07C0435573}
		{C72D5B08-8F2C-4251-8242-28FBFE31FF9C} = {F21D1552-F52F-4D29-B862-64E1C0094245}
		{DB1C1205-12F3-463F-B449-27A54C152C29} = {481460FB-2E28-43F4-818A-D34179E6EAE0}
		{EE74A4E5-EE59-4FDF-BC81-E3827D6177E5} = {481460FB-2E28-43F4-818A-D34179E6EAE0}
		{8578A68D-5875-49BC-90C8-B2ABE16A162A} = {481460FB-2E28-43F4-818A-D34179E6EAE0}
	EndGlobalSection
	GlobalSection(ExtensibilityGlobals) = postSolution
		SolutionGuid = {33906295-7E86-41BC-BC0A-C43EE896C8A1}
	EndGlobalSection
EndGlobal
