
Microsoft Visual Studio Solution File, Format Version 12.00
# Visual Studio Version 17
VisualStudioVersion = 17.2.32602.215
MinimumVisualStudioVersion = 10.0.40219.1
Project("{9A19103F-16F7-4668-BE54-9A1E7A4F7556}") = "MathOperations", "MathOperations\MathOperations.csproj", "{AA5614AE-F02D-4465-A995-F2F7F66B9FB6}"
EndProject
Project("{FAE04EC0-301F-11D3-BF4B-00C04F79EFBC}") = "Animals", "Animals\Animals.csproj", "{944B3EF2-3210-4D48-A11E-CBE22D0737C6}"
EndProject
Project("{FAE04EC0-301F-11D3-BF4B-00C04F79EFBC}") = "Shapes", "Shapes\Shapes.csproj", "{E0BB5E36-2C13-4A41-AC40-25295B15719D}"
EndProject
Global
	GlobalSection(SolutionConfigurationPlatforms) = preSolution
		Debug|Any CPU = Debug|Any CPU
		Release|Any CPU = Release|Any CPU
	EndGlobalSection
	GlobalSection(ProjectConfigurationPlatforms) = postSolution
		{AA5614AE-F02D-4465-A995-F2F7F66B9FB6}.Debug|Any CPU.ActiveCfg = Debug|Any CPU
		{AA5614AE-F02D-4465-A995-F2F7F66B9FB6}.Debug|Any CPU.Build.0 = Debug|Any CPU
		{AA5614AE-F02D-4465-A995-F2F7F66B9FB6}.Release|Any CPU.ActiveCfg = Release|Any CPU
		{AA5614AE-F02D-4465-A995-F2F7F66B9FB6}.Release|Any CPU.Build.0 = Release|Any CPU
		{944B3EF2-3210-4D48-A11E-CBE22D0737C6}.Debug|Any CPU.ActiveCfg = Debug|Any CPU
		{944B3EF2-3210-4D48-A11E-CBE22D0737C6}.Debug|Any CPU.Build.0 = Debug|Any CPU
		{944B3EF2-3210-4D48-A11E-CBE22D0737C6}.Release|Any CPU.ActiveCfg = Release|Any CPU
		{944B3EF2-3210-4D48-A11E-CBE22D0737C6}.Release|Any CPU.Build.0 = Release|Any CPU
		{E0BB5E36-2C13-4A41-AC40-25295B15719D}.Debug|Any CPU.ActiveCfg = Debug|Any CPU
		{E0BB5E36-2C13-4A41-AC40-25295B15719D}.Debug|Any CPU.Build.0 = Debug|Any CPU
		{E0BB5E36-2C13-4A41-AC40-25295B15719D}.Release|Any CPU.ActiveCfg = Release|Any CPU
		{E0BB5E36-2C13-4A41-AC40-25295B15719D}.Release|Any CPU.Build.0 = Release|Any CPU
	EndGlobalSection
	GlobalSection(SolutionProperties) = preSolution
		HideSolutionNode = FALSE
	EndGlobalSection
	GlobalSection(ExtensibilityGlobals) = postSolution
		SolutionGuid = {83B4C0D8-BC97-43D7-A6DB-D10D51D10182}
	EndGlobalSection
EndGlobal
