
Microsoft Visual Studio Solution File, Format Version 12.00
# Visual Studio Version 17
VisualStudioVersion = 17.2.32602.215
MinimumVisualStudioVersion = 10.0.40219.1
Project("{FAE04EC0-301F-11D3-BF4B-00C04F79EFBC}") = "01. Single Inheritance", "01. Single Inheritance\01. Single Inheritance.csproj", "{B5AF7304-6B86-47C8-8F60-83527EA87608}"
EndProject
Project("{FAE04EC0-301F-11D3-BF4B-00C04F79EFBC}") = "02. Multiple Inheritance", "02. Multiple Inheritance\02. Multiple Inheritance.csproj", "{E39E3BB6-4C28-4C53-86F3-B0B489A07BDF}"
EndProject
Project("{FAE04EC0-301F-11D3-BF4B-00C04F79EFBC}") = "03. Hierarchical Inheritance", "03. Hierarchical Inheritance\03. Hierarchical Inheritance.csproj", "{965D8C76-823C-41B1-AF6D-F7FCA252EC5E}"
EndProject
Global
	GlobalSection(SolutionConfigurationPlatforms) = preSolution
		Debug|Any CPU = Debug|Any CPU
		Release|Any CPU = Release|Any CPU
	EndGlobalSection
	GlobalSection(ProjectConfigurationPlatforms) = postSolution
		{B5AF7304-6B86-47C8-8F60-83527EA87608}.Debug|Any CPU.ActiveCfg = Debug|Any CPU
		{B5AF7304-6B86-47C8-8F60-83527EA87608}.Debug|Any CPU.Build.0 = Debug|Any CPU
		{B5AF7304-6B86-47C8-8F60-83527EA87608}.Release|Any CPU.ActiveCfg = Release|Any CPU
		{B5AF7304-6B86-47C8-8F60-83527EA87608}.Release|Any CPU.Build.0 = Release|Any CPU
		{E39E3BB6-4C28-4C53-86F3-B0B489A07BDF}.Debug|Any CPU.ActiveCfg = Debug|Any CPU
		{E39E3BB6-4C28-4C53-86F3-B0B489A07BDF}.Debug|Any CPU.Build.0 = Debug|Any CPU
		{E39E3BB6-4C28-4C53-86F3-B0B489A07BDF}.Release|Any CPU.ActiveCfg = Release|Any CPU
		{E39E3BB6-4C28-4C53-86F3-B0B489A07BDF}.Release|Any CPU.Build.0 = Release|Any CPU
		{965D8C76-823C-41B1-AF6D-F7FCA252EC5E}.Debug|Any CPU.ActiveCfg = Debug|Any CPU
		{965D8C76-823C-41B1-AF6D-F7FCA252EC5E}.Debug|Any CPU.Build.0 = Debug|Any CPU
		{965D8C76-823C-41B1-AF6D-F7FCA252EC5E}.Release|Any CPU.ActiveCfg = Release|Any CPU
		{965D8C76-823C-41B1-AF6D-F7FCA252EC5E}.Release|Any CPU.Build.0 = Release|Any CPU
	EndGlobalSection
	GlobalSection(SolutionProperties) = preSolution
		HideSolutionNode = FALSE
	EndGlobalSection
	GlobalSection(ExtensibilityGlobals) = postSolution
		SolutionGuid = {A42B9535-B40A-44F1-9D24-1EC158CFA168}
	EndGlobalSection
EndGlobal
