
Microsoft Visual Studio Solution File, Format Version 12.00
# Visual Studio Version 17
VisualStudioVersion = 17.4.33103.184
MinimumVisualStudioVersion = 10.0.40219.1
Project("{9A19103F-16F7-4668-BE54-9A1E7A4F7556}") = "CommandPattern", "CommandPattern\CommandPattern.csproj", "{9D8980F5-B530-4AB2-81A1-56B39B3D0E5B}"
EndProject
Project("{FAE04EC0-301F-11D3-BF4B-00C04F79EFBC}") = "ValidationAttributes", "ValidationAttributes\ValidationAttributes.csproj", "{E446A2BB-7E55-4758-9C64-618989AFE697}"
EndProject
Global
	GlobalSection(SolutionConfigurationPlatforms) = preSolution
		Debug|Any CPU = Debug|Any CPU
		Release|Any CPU = Release|Any CPU
	EndGlobalSection
	GlobalSection(ProjectConfigurationPlatforms) = postSolution
		{9D8980F5-B530-4AB2-81A1-56B39B3D0E5B}.Debug|Any CPU.ActiveCfg = Debug|Any CPU
		{9D8980F5-B530-4AB2-81A1-56B39B3D0E5B}.Debug|Any CPU.Build.0 = Debug|Any CPU
		{9D8980F5-B530-4AB2-81A1-56B39B3D0E5B}.Release|Any CPU.ActiveCfg = Release|Any CPU
		{9D8980F5-B530-4AB2-81A1-56B39B3D0E5B}.Release|Any CPU.Build.0 = Release|Any CPU
		{E446A2BB-7E55-4758-9C64-618989AFE697}.Debug|Any CPU.ActiveCfg = Debug|Any CPU
		{E446A2BB-7E55-4758-9C64-618989AFE697}.Debug|Any CPU.Build.0 = Debug|Any CPU
		{E446A2BB-7E55-4758-9C64-618989AFE697}.Release|Any CPU.ActiveCfg = Release|Any CPU
		{E446A2BB-7E55-4758-9C64-618989AFE697}.Release|Any CPU.Build.0 = Release|Any CPU
	EndGlobalSection
	GlobalSection(SolutionProperties) = preSolution
		HideSolutionNode = FALSE
	EndGlobalSection
	GlobalSection(ExtensibilityGlobals) = postSolution
		SolutionGuid = {10C1C1FE-F7AD-4C96-8EB0-854C5B6750F9}
	EndGlobalSection
EndGlobal
