
Microsoft Visual Studio Solution File, Format Version 12.00
# Visual Studio Version 17
VisualStudioVersion = 17.4.33103.184
MinimumVisualStudioVersion = 10.0.40219.1
Project("{9A19103F-16F7-4668-BE54-9A1E7A4F7556}") = "Stealer", "Stealer\Stealer.csproj", "{F5159EDE-E545-4A5D-9B83-FDE0FBDAFD46}"
EndProject
Project("{9A19103F-16F7-4668-BE54-9A1E7A4F7556}") = "HighQualityMistakes", "HighQualityMistakes\HighQualityMistakes.csproj", "{8E648D6A-E307-4CE4-8C8B-80D3CBC79A62}"
EndProject
Project("{9A19103F-16F7-4668-BE54-9A1E7A4F7556}") = "MissionPrivateImpossible", "MissionPrivateImpossible\MissionPrivateImpossible.csproj", "{F7FC2915-11EF-4AAB-BD6C-9DBE0503B57E}"
EndProject
Project("{9A19103F-16F7-4668-BE54-9A1E7A4F7556}") = "Collector", "Collector\Collector.csproj", "{ABE5FB55-2F90-4BE3-8508-53D14FC64DCF}"
EndProject
Project("{9A19103F-16F7-4668-BE54-9A1E7A4F7556}") = "CreateAttribute", "CreateAttribute\CreateAttribute.csproj", "{D8D672ED-0B90-486C-9CE9-193E182AD839}"
EndProject
Project("{FAE04EC0-301F-11D3-BF4B-00C04F79EFBC}") = "CodeTracker", "CodeTracker\CodeTracker.csproj", "{6A00B897-BDF8-460A-B471-6F1CE7911422}"
EndProject
Global
	GlobalSection(SolutionConfigurationPlatforms) = preSolution
		Debug|Any CPU = Debug|Any CPU
		Release|Any CPU = Release|Any CPU
	EndGlobalSection
	GlobalSection(ProjectConfigurationPlatforms) = postSolution
		{F5159EDE-E545-4A5D-9B83-FDE0FBDAFD46}.Debug|Any CPU.ActiveCfg = Debug|Any CPU
		{F5159EDE-E545-4A5D-9B83-FDE0FBDAFD46}.Debug|Any CPU.Build.0 = Debug|Any CPU
		{F5159EDE-E545-4A5D-9B83-FDE0FBDAFD46}.Release|Any CPU.ActiveCfg = Release|Any CPU
		{F5159EDE-E545-4A5D-9B83-FDE0FBDAFD46}.Release|Any CPU.Build.0 = Release|Any CPU
		{8E648D6A-E307-4CE4-8C8B-80D3CBC79A62}.Debug|Any CPU.ActiveCfg = Debug|Any CPU
		{8E648D6A-E307-4CE4-8C8B-80D3CBC79A62}.Debug|Any CPU.Build.0 = Debug|Any CPU
		{8E648D6A-E307-4CE4-8C8B-80D3CBC79A62}.Release|Any CPU.ActiveCfg = Release|Any CPU
		{8E648D6A-E307-4CE4-8C8B-80D3CBC79A62}.Release|Any CPU.Build.0 = Release|Any CPU
		{F7FC2915-11EF-4AAB-BD6C-9DBE0503B57E}.Debug|Any CPU.ActiveCfg = Debug|Any CPU
		{F7FC2915-11EF-4AAB-BD6C-9DBE0503B57E}.Debug|Any CPU.Build.0 = Debug|Any CPU
		{F7FC2915-11EF-4AAB-BD6C-9DBE0503B57E}.Release|Any CPU.ActiveCfg = Release|Any CPU
		{F7FC2915-11EF-4AAB-BD6C-9DBE0503B57E}.Release|Any CPU.Build.0 = Release|Any CPU
		{ABE5FB55-2F90-4BE3-8508-53D14FC64DCF}.Debug|Any CPU.ActiveCfg = Debug|Any CPU
		{ABE5FB55-2F90-4BE3-8508-53D14FC64DCF}.Debug|Any CPU.Build.0 = Debug|Any CPU
		{ABE5FB55-2F90-4BE3-8508-53D14FC64DCF}.Release|Any CPU.ActiveCfg = Release|Any CPU
		{ABE5FB55-2F90-4BE3-8508-53D14FC64DCF}.Release|Any CPU.Build.0 = Release|Any CPU
		{D8D672ED-0B90-486C-9CE9-193E182AD839}.Debug|Any CPU.ActiveCfg = Debug|Any CPU
		{D8D672ED-0B90-486C-9CE9-193E182AD839}.Debug|Any CPU.Build.0 = Debug|Any CPU
		{D8D672ED-0B90-486C-9CE9-193E182AD839}.Release|Any CPU.ActiveCfg = Release|Any CPU
		{D8D672ED-0B90-486C-9CE9-193E182AD839}.Release|Any CPU.Build.0 = Release|Any CPU
		{6A00B897-BDF8-460A-B471-6F1CE7911422}.Debug|Any CPU.ActiveCfg = Debug|Any CPU
		{6A00B897-BDF8-460A-B471-6F1CE7911422}.Debug|Any CPU.Build.0 = Debug|Any CPU
		{6A00B897-BDF8-460A-B471-6F1CE7911422}.Release|Any CPU.ActiveCfg = Release|Any CPU
		{6A00B897-BDF8-460A-B471-6F1CE7911422}.Release|Any CPU.Build.0 = Release|Any CPU
	EndGlobalSection
	GlobalSection(SolutionProperties) = preSolution
		HideSolutionNode = FALSE
	EndGlobalSection
	GlobalSection(ExtensibilityGlobals) = postSolution
		SolutionGuid = {81BCF8A6-B896-460E-949E-7C5F6F49674A}
	EndGlobalSection
EndGlobal
